// !$*UTF8*$!
{
	archiveVersion = 1;
	classes = {
	};
	objectVersion = 56;
	objects = {

/* Begin PBXBuildFile section */
		2807E08A2A723A6800E470A6 /* AppDelegate.swift in Sources */ = {isa = PBXBuildFile; fileRef = 2807E0892A723A6800E470A6 /* AppDelegate.swift */; };
		2807E08C2A723A6800E470A6 /* SceneDelegate.swift in Sources */ = {isa = PBXBuildFile; fileRef = 2807E08B2A723A6800E470A6 /* SceneDelegate.swift */; };
		2807E08E2A723A6800E470A6 /* MainViewController.swift in Sources */ = {isa = PBXBuildFile; fileRef = 2807E08D2A723A6800E470A6 /* MainViewController.swift */; };
		2807E0932A723A6900E470A6 /* Assets.xcassets in Resources */ = {isa = PBXBuildFile; fileRef = 2807E0922A723A6900E470A6 /* Assets.xcassets */; };
		2807E0962A723A6900E470A6 /* LaunchScreen.storyboard in Resources */ = {isa = PBXBuildFile; fileRef = 2807E0942A723A6900E470A6 /* LaunchScreen.storyboard */; };
		2807E0A42A723F2200E470A6 /* ListLeagues.swift in Sources */ = {isa = PBXBuildFile; fileRef = 2807E0A32A723F2200E470A6 /* ListLeagues.swift */; };
		2807E0A62A72443800E470A6 /* MainTabBarController.swift in Sources */ = {isa = PBXBuildFile; fileRef = 2807E0A52A72443800E470A6 /* MainTabBarController.swift */; };
		2807E0A92A72528D00E470A6 /* SearchBarViewController.swift in Sources */ = {isa = PBXBuildFile; fileRef = 2807E0A82A72528D00E470A6 /* SearchBarViewController.swift */; };
		2807E0AB2A7252E500E470A6 /* AboutUsViewController.swift in Sources */ = {isa = PBXBuildFile; fileRef = 2807E0AA2A7252E500E470A6 /* AboutUsViewController.swift */; };
		2843A5E62A7294050009E3D3 /* MainViewModel.swift in Sources */ = {isa = PBXBuildFile; fileRef = 2843A5E52A7294050009E3D3 /* MainViewModel.swift */; };
		2843A5E92A7296850009E3D3 /* NetworkLayer.swift in Sources */ = {isa = PBXBuildFile; fileRef = 2843A5E82A7296850009E3D3 /* NetworkLayer.swift */; };
		2843A5EC2A7296C30009E3D3 /* Constants.swift in Sources */ = {isa = PBXBuildFile; fileRef = 2843A5EB2A7296C30009E3D3 /* Constants.swift */; };
		2843A5EE2A72ADBE0009E3D3 /* CustomTabCell.swift in Sources */ = {isa = PBXBuildFile; fileRef = 2843A5ED2A72ADBE0009E3D3 /* CustomTabCell.swift */; };
		2843A5F12A769A230009E3D3 /* FavouritesViewController.swift in Sources */ = {isa = PBXBuildFile; fileRef = 2843A5F02A769A230009E3D3 /* FavouritesViewController.swift */; };
		2843A5F32A76EEBC0009E3D3 /* SecondViewController.swift in Sources */ = {isa = PBXBuildFile; fileRef = 2843A5F22A76EEBC0009E3D3 /* SecondViewController.swift */; };
		2843A5F82A770E100009E3D3 /* UserDefaultsKeys.swift in Sources */ = {isa = PBXBuildFile; fileRef = 2843A5F72A770E100009E3D3 /* UserDefaultsKeys.swift */; };
		2843A5FB2A770E500009E3D3 /* UserdefaultsService.swift in Sources */ = {isa = PBXBuildFile; fileRef = 2843A5FA2A770E500009E3D3 /* UserdefaultsService.swift */; };
/* End PBXBuildFile section */

/* Begin PBXFileReference section */
		2807E0862A723A6800E470A6 /* FootballStandingsApp.app */ = {isa = PBXFileReference; explicitFileType = wrapper.application; includeInIndex = 0; path = FootballStandingsApp.app; sourceTree = BUILT_PRODUCTS_DIR; };
		2807E0892A723A6800E470A6 /* AppDelegate.swift */ = {isa = PBXFileReference; lastKnownFileType = sourcecode.swift; path = AppDelegate.swift; sourceTree = "<group>"; };
		2807E08B2A723A6800E470A6 /* SceneDelegate.swift */ = {isa = PBXFileReference; lastKnownFileType = sourcecode.swift; path = SceneDelegate.swift; sourceTree = "<group>"; };
		2807E08D2A723A6800E470A6 /* MainViewController.swift */ = {isa = PBXFileReference; lastKnownFileType = sourcecode.swift; path = MainViewController.swift; sourceTree = "<group>"; };
		2807E0922A723A6900E470A6 /* Assets.xcassets */ = {isa = PBXFileReference; lastKnownFileType = folder.assetcatalog; path = Assets.xcassets; sourceTree = "<group>"; };
		2807E0952A723A6900E470A6 /* Base */ = {isa = PBXFileReference; lastKnownFileType = file.storyboard; name = Base; path = Base.lproj/LaunchScreen.storyboard; sourceTree = "<group>"; };
		2807E0972A723A6900E470A6 /* Info.plist */ = {isa = PBXFileReference; lastKnownFileType = text.plist.xml; path = Info.plist; sourceTree = "<group>"; };
		2807E0A32A723F2200E470A6 /* ListLeagues.swift */ = {isa = PBXFileReference; lastKnownFileType = sourcecode.swift; path = ListLeagues.swift; sourceTree = "<group>"; };
		2807E0A52A72443800E470A6 /* MainTabBarController.swift */ = {isa = PBXFileReference; lastKnownFileType = sourcecode.swift; path = MainTabBarController.swift; sourceTree = "<group>"; };
		2807E0A82A72528D00E470A6 /* SearchBarViewController.swift */ = {isa = PBXFileReference; lastKnownFileType = sourcecode.swift; path = SearchBarViewController.swift; sourceTree = "<group>"; };
		2807E0AA2A7252E500E470A6 /* AboutUsViewController.swift */ = {isa = PBXFileReference; lastKnownFileType = sourcecode.swift; path = AboutUsViewController.swift; sourceTree = "<group>"; };
		2843A5E52A7294050009E3D3 /* MainViewModel.swift */ = {isa = PBXFileReference; lastKnownFileType = sourcecode.swift; path = MainViewModel.swift; sourceTree = "<group>"; };
		2843A5E82A7296850009E3D3 /* NetworkLayer.swift */ = {isa = PBXFileReference; lastKnownFileType = sourcecode.swift; path = NetworkLayer.swift; sourceTree = "<group>"; };
		2843A5EB2A7296C30009E3D3 /* Constants.swift */ = {isa = PBXFileReference; lastKnownFileType = sourcecode.swift; path = Constants.swift; sourceTree = "<group>"; };
		2843A5ED2A72ADBE0009E3D3 /* CustomTabCell.swift */ = {isa = PBXFileReference; lastKnownFileType = sourcecode.swift; path = CustomTabCell.swift; sourceTree = "<group>"; };
		2843A5F02A769A230009E3D3 /* FavouritesViewController.swift */ = {isa = PBXFileReference; lastKnownFileType = sourcecode.swift; path = FavouritesViewController.swift; sourceTree = "<group>"; };
		2843A5F22A76EEBC0009E3D3 /* SecondViewController.swift */ = {isa = PBXFileReference; lastKnownFileType = sourcecode.swift; path = SecondViewController.swift; sourceTree = "<group>"; };
		2843A5F72A770E100009E3D3 /* UserDefaultsKeys.swift */ = {isa = PBXFileReference; lastKnownFileType = sourcecode.swift; path = UserDefaultsKeys.swift; sourceTree = "<group>"; };
		2843A5FA2A770E500009E3D3 /* UserdefaultsService.swift */ = {isa = PBXFileReference; lastKnownFileType = sourcecode.swift; path = UserdefaultsService.swift; sourceTree = "<group>"; };
/* End PBXFileReference section */

/* Begin PBXFrameworksBuildPhase section */
		2807E0832A723A6800E470A6 /* Frameworks */ = {
			isa = PBXFrameworksBuildPhase;
			buildActionMask = 2147483647;
			files = (
			);
			runOnlyForDeploymentPostprocessing = 0;
		};
/* End PBXFrameworksBuildPhase section */

/* Begin PBXGroup section */
		2807E07D2A723A6800E470A6 = {
			isa = PBXGroup;
			children = (
				2807E0882A723A6800E470A6 /* FootballStandingsApp */,
				2807E09F2A723AB800E470A6 /* Resources */,
				2807E0872A723A6800E470A6 /* Products */,
			);
			sourceTree = "<group>";
		};
		2807E0872A723A6800E470A6 /* Products */ = {
			isa = PBXGroup;
			children = (
				2807E0862A723A6800E470A6 /* FootballStandingsApp.app */,
			);
			name = Products;
			sourceTree = "<group>";
		};
		2807E0882A723A6800E470A6 /* FootballStandingsApp */ = {
			isa = PBXGroup;
			children = (
				2807E0972A723A6900E470A6 /* Info.plist */,
				2807E09E2A723A9000E470A6 /* AppDelegate */,
				2807E09D2A723A7C00E470A6 /* Model */,
				2807E0A72A72524B00E470A6 /* Modules */,
			);
			path = FootballStandingsApp;
			sourceTree = "<group>";
		};
		2807E09D2A723A7C00E470A6 /* Model */ = {
			isa = PBXGroup;
			children = (
				2843A5F92A770E3C0009E3D3 /* Services */,
				2843A5F62A770DED0009E3D3 /* Extensions */,
				2843A5EA2A7296AA0009E3D3 /* Constants */,
				2843A5E72A7296660009E3D3 /* ApiManager */,
				2807E0A22A723F0600E470A6 /* DTOs */,
			);
			path = Model;
			sourceTree = "<group>";
		};
		2807E09E2A723A9000E470A6 /* AppDelegate */ = {
			isa = PBXGroup;
			children = (
				2807E0892A723A6800E470A6 /* AppDelegate.swift */,
				2807E08B2A723A6800E470A6 /* SceneDelegate.swift */,
			);
			path = AppDelegate;
			sourceTree = "<group>";
		};
		2807E09F2A723AB800E470A6 /* Resources */ = {
			isa = PBXGroup;
			children = (
				2807E0922A723A6900E470A6 /* Assets.xcassets */,
				2807E0942A723A6900E470A6 /* LaunchScreen.storyboard */,
			);
			path = Resources;
			sourceTree = "<group>";
		};
		2807E0A02A723B4F00E470A6 /* Views */ = {
			isa = PBXGroup;
			children = (
				2843A5E02A7292DE0009E3D3 /* MainTabbar */,
				2843A5E12A7293540009E3D3 /* MainView */,
				2843A5E22A7293770009E3D3 /* SearchView */,
				2843A5EF2A7699E00009E3D3 /* Favourites */,
				2843A5E32A7293820009E3D3 /* AboutUsView */,
			);
			path = Views;
			sourceTree = "<group>";
		};
		2807E0A22A723F0600E470A6 /* DTOs */ = {
			isa = PBXGroup;
			children = (
				2807E0A32A723F2200E470A6 /* ListLeagues.swift */,
			);
			path = DTOs;
			sourceTree = "<group>";
		};
		2807E0A72A72524B00E470A6 /* Modules */ = {
			isa = PBXGroup;
			children = (
				2807E0A02A723B4F00E470A6 /* Views */,
			);
			path = Modules;
			sourceTree = "<group>";
		};
		2843A5E02A7292DE0009E3D3 /* MainTabbar */ = {
			isa = PBXGroup;
			children = (
				2807E0A52A72443800E470A6 /* MainTabBarController.swift */,
			);
			path = MainTabbar;
			sourceTree = "<group>";
		};
		2843A5E12A7293540009E3D3 /* MainView */ = {
			isa = PBXGroup;
			children = (
				2843A5E42A7293C90009E3D3 /* Components */,
				2807E08D2A723A6800E470A6 /* MainViewController.swift */,
				2843A5E52A7294050009E3D3 /* MainViewModel.swift */,
				2843A5F22A76EEBC0009E3D3 /* SecondViewController.swift */,
			);
			path = MainView;
			sourceTree = "<group>";
		};
		2843A5E22A7293770009E3D3 /* SearchView */ = {
			isa = PBXGroup;
			children = (
				2807E0A82A72528D00E470A6 /* SearchBarViewController.swift */,
			);
			path = SearchView;
			sourceTree = "<group>";
		};
		2843A5E32A7293820009E3D3 /* AboutUsView */ = {
			isa = PBXGroup;
			children = (
				2807E0AA2A7252E500E470A6 /* AboutUsViewController.swift */,
			);
			path = AboutUsView;
			sourceTree = "<group>";
		};
		2843A5E42A7293C90009E3D3 /* Components */ = {
			isa = PBXGroup;
			children = (
				2843A5ED2A72ADBE0009E3D3 /* CustomTabCell.swift */,
			);
			path = Components;
			sourceTree = "<group>";
		};
		2843A5E72A7296660009E3D3 /* ApiManager */ = {
			isa = PBXGroup;
			children = (
				2843A5E82A7296850009E3D3 /* NetworkLayer.swift */,
			);
			path = ApiManager;
			sourceTree = "<group>";
		};
		2843A5EA2A7296AA0009E3D3 /* Constants */ = {
			isa = PBXGroup;
			children = (
				2843A5EB2A7296C30009E3D3 /* Constants.swift */,
			);
			path = Constants;
			sourceTree = "<group>";
		};
		2843A5EF2A7699E00009E3D3 /* Favourites */ = {
			isa = PBXGroup;
			children = (
				2843A5F02A769A230009E3D3 /* FavouritesViewController.swift */,
			);
			path = Favourites;
			sourceTree = "<group>";
		};
		2843A5F62A770DED0009E3D3 /* Extensions */ = {
			isa = PBXGroup;
			children = (
			);
			path = Extensions;
			sourceTree = "<group>";
		};
		2843A5F92A770E3C0009E3D3 /* Services */ = {
			isa = PBXGroup;
			children = (
				2843A5F72A770E100009E3D3 /* UserDefaultsKeys.swift */,
				2843A5FA2A770E500009E3D3 /* UserdefaultsService.swift */,
			);
			path = Services;
			sourceTree = "<group>";
		};
/* End PBXGroup section */

/* Begin PBXNativeTarget section */
		2807E0852A723A6800E470A6 /* FootballStandingsApp */ = {
			isa = PBXNativeTarget;
			buildConfigurationList = 2807E09A2A723A6900E470A6 /* Build configuration list for PBXNativeTarget "FootballStandingsApp" */;
			buildPhases = (
				2807E0822A723A6800E470A6 /* Sources */,
				2807E0832A723A6800E470A6 /* Frameworks */,
				2807E0842A723A6800E470A6 /* Resources */,
			);
			buildRules = (
			);
			dependencies = (
			);
			name = FootballStandingsApp;
			productName = FootballStandingsApp;
			productReference = 2807E0862A723A6800E470A6 /* FootballStandingsApp.app */;
			productType = "com.apple.product-type.application";
		};
/* End PBXNativeTarget section */

/* Begin PBXProject section */
		2807E07E2A723A6800E470A6 /* Project object */ = {
			isa = PBXProject;
			attributes = {
				BuildIndependentTargetsInParallel = 1;
				LastSwiftUpdateCheck = 1430;
				LastUpgradeCheck = 1430;
				TargetAttributes = {
					2807E0852A723A6800E470A6 = {
						CreatedOnToolsVersion = 14.3;
					};
				};
			};
			buildConfigurationList = 2807E0812A723A6800E470A6 /* Build configuration list for PBXProject "FootballStandingsApp" */;
			compatibilityVersion = "Xcode 14.0";
			developmentRegion = en;
			hasScannedForEncodings = 0;
			knownRegions = (
				en,
				Base,
			);
			mainGroup = 2807E07D2A723A6800E470A6;
			productRefGroup = 2807E0872A723A6800E470A6 /* Products */;
			projectDirPath = "";
			projectRoot = "";
			targets = (
				2807E0852A723A6800E470A6 /* FootballStandingsApp */,
			);
		};
/* End PBXProject section */

/* Begin PBXResourcesBuildPhase section */
		2807E0842A723A6800E470A6 /* Resources */ = {
			isa = PBXResourcesBuildPhase;
			buildActionMask = 2147483647;
			files = (
				2807E0962A723A6900E470A6 /* LaunchScreen.storyboard in Resources */,
				2807E0932A723A6900E470A6 /* Assets.xcassets in Resources */,
			);
			runOnlyForDeploymentPostprocessing = 0;
		};
/* End PBXResourcesBuildPhase section */

/* Begin PBXSourcesBuildPhase section */
		2807E0822A723A6800E470A6 /* Sources */ = {
			isa = PBXSourcesBuildPhase;
			buildActionMask = 2147483647;
			files = (
				2843A5E92A7296850009E3D3 /* NetworkLayer.swift in Sources */,
				2807E08E2A723A6800E470A6 /* MainViewController.swift in Sources */,
				2807E08A2A723A6800E470A6 /* AppDelegate.swift in Sources */,
				2807E0A92A72528D00E470A6 /* SearchBarViewController.swift in Sources */,
				2843A5FB2A770E500009E3D3 /* UserdefaultsService.swift in Sources */,
				2807E0A62A72443800E470A6 /* MainTabBarController.swift in Sources */,
				2843A5EC2A7296C30009E3D3 /* Constants.swift in Sources */,
				2843A5F32A76EEBC0009E3D3 /* SecondViewController.swift in Sources */,
				2843A5F82A770E100009E3D3 /* UserDefaultsKeys.swift in Sources */,
				2843A5F12A769A230009E3D3 /* FavouritesViewController.swift in Sources */,
				2843A5EE2A72ADBE0009E3D3 /* CustomTabCell.swift in Sources */,
				2807E0AB2A7252E500E470A6 /* AboutUsViewController.swift in Sources */,
				2807E0A42A723F2200E470A6 /* ListLeagues.swift in Sources */,
				2807E08C2A723A6800E470A6 /* SceneDelegate.swift in Sources */,
				2843A5E62A7294050009E3D3 /* MainViewModel.swift in Sources */,
			);
			runOnlyForDeploymentPostprocessing = 0;
		};
/* End PBXSourcesBuildPhase section */

/* Begin PBXVariantGroup section */
		2807E0942A723A6900E470A6 /* LaunchScreen.storyboard */ = {
			isa = PBXVariantGroup;
			children = (
				2807E0952A723A6900E470A6 /* Base */,
			);
			name = LaunchScreen.storyboard;
			sourceTree = "<group>";
		};
/* End PBXVariantGroup section */

/* Begin XCBuildConfiguration section */
		2807E0982A723A6900E470A6 /* Debug */ = {
			isa = XCBuildConfiguration;
			buildSettings = {
				ALWAYS_SEARCH_USER_PATHS = NO;
				CLANG_ANALYZER_NONNULL = YES;
				CLANG_ANALYZER_NUMBER_OBJECT_CONVERSION = YES_AGGRESSIVE;
				CLANG_CXX_LANGUAGE_STANDARD = "gnu++20";
				CLANG_ENABLE_MODULES = YES;
				CLANG_ENABLE_OBJC_ARC = YES;
				CLANG_ENABLE_OBJC_WEAK = YES;
				CLANG_WARN_BLOCK_CAPTURE_AUTORELEASING = YES;
				CLANG_WARN_BOOL_CONVERSION = YES;
				CLANG_WARN_COMMA = YES;
				CLANG_WARN_CONSTANT_CONVERSION = YES;
				CLANG_WARN_DEPRECATED_OBJC_IMPLEMENTATIONS = YES;
				CLANG_WARN_DIRECT_OBJC_ISA_USAGE = YES_ERROR;
				CLANG_WARN_DOCUMENTATION_COMMENTS = YES;
				CLANG_WARN_EMPTY_BODY = YES;
				CLANG_WARN_ENUM_CONVERSION = YES;
				CLANG_WARN_INFINITE_RECURSION = YES;
				CLANG_WARN_INT_CONVERSION = YES;
				CLANG_WARN_NON_LITERAL_NULL_CONVERSION = YES;
				CLANG_WARN_OBJC_IMPLICIT_RETAIN_SELF = YES;
				CLANG_WARN_OBJC_LITERAL_CONVERSION = YES;
				CLANG_WARN_OBJC_ROOT_CLASS = YES_ERROR;
				CLANG_WARN_QUOTED_INCLUDE_IN_FRAMEWORK_HEADER = YES;
				CLANG_WARN_RANGE_LOOP_ANALYSIS = YES;
				CLANG_WARN_STRICT_PROTOTYPES = YES;
				CLANG_WARN_SUSPICIOUS_MOVE = YES;
				CLANG_WARN_UNGUARDED_AVAILABILITY = YES_AGGRESSIVE;
				CLANG_WARN_UNREACHABLE_CODE = YES;
				CLANG_WARN__DUPLICATE_METHOD_MATCH = YES;
				COPY_PHASE_STRIP = NO;
				DEBUG_INFORMATION_FORMAT = dwarf;
				ENABLE_STRICT_OBJC_MSGSEND = YES;
				ENABLE_TESTABILITY = YES;
				GCC_C_LANGUAGE_STANDARD = gnu11;
				GCC_DYNAMIC_NO_PIC = NO;
				GCC_NO_COMMON_BLOCKS = YES;
				GCC_OPTIMIZATION_LEVEL = 0;
				GCC_PREPROCESSOR_DEFINITIONS = (
					"DEBUG=1",
					"$(inherited)",
				);
				GCC_WARN_64_TO_32_BIT_CONVERSION = YES;
				GCC_WARN_ABOUT_RETURN_TYPE = YES_ERROR;
				GCC_WARN_UNDECLARED_SELECTOR = YES;
				GCC_WARN_UNINITIALIZED_AUTOS = YES_AGGRESSIVE;
				GCC_WARN_UNUSED_FUNCTION = YES;
				GCC_WARN_UNUSED_VARIABLE = YES;
				IPHONEOS_DEPLOYMENT_TARGET = 16.4;
				MTL_ENABLE_DEBUG_INFO = INCLUDE_SOURCE;
				MTL_FAST_MATH = YES;
				ONLY_ACTIVE_ARCH = YES;
				SDKROOT = iphoneos;
				SWIFT_ACTIVE_COMPILATION_CONDITIONS = DEBUG;
				SWIFT_OPTIMIZATION_LEVEL = "-Onone";
			};
			name = Debug;
		};
		2807E0992A723A6900E470A6 /* Release */ = {
			isa = XCBuildConfiguration;
			buildSettings = {
				ALWAYS_SEARCH_USER_PATHS = NO;
				CLANG_ANALYZER_NONNULL = YES;
				CLANG_ANALYZER_NUMBER_OBJECT_CONVERSION = YES_AGGRESSIVE;
				CLANG_CXX_LANGUAGE_STANDARD = "gnu++20";
				CLANG_ENABLE_MODULES = YES;
				CLANG_ENABLE_OBJC_ARC = YES;
				CLANG_ENABLE_OBJC_WEAK = YES;
				CLANG_WARN_BLOCK_CAPTURE_AUTORELEASING = YES;
				CLANG_WARN_BOOL_CONVERSION = YES;
				CLANG_WARN_COMMA = YES;
				CLANG_WARN_CONSTANT_CONVERSION = YES;
				CLANG_WARN_DEPRECATED_OBJC_IMPLEMENTATIONS = YES;
				CLANG_WARN_DIRECT_OBJC_ISA_USAGE = YES_ERROR;
				CLANG_WARN_DOCUMENTATION_COMMENTS = YES;
				CLANG_WARN_EMPTY_BODY = YES;
				CLANG_WARN_ENUM_CONVERSION = YES;
				CLANG_WARN_INFINITE_RECURSION = YES;
				CLANG_WARN_INT_CONVERSION = YES;
				CLANG_WARN_NON_LITERAL_NULL_CONVERSION = YES;
				CLANG_WARN_OBJC_IMPLICIT_RETAIN_SELF = YES;
				CLANG_WARN_OBJC_LITERAL_CONVERSION = YES;
				CLANG_WARN_OBJC_ROOT_CLASS = YES_ERROR;
				CLANG_WARN_QUOTED_INCLUDE_IN_FRAMEWORK_HEADER = YES;
				CLANG_WARN_RANGE_LOOP_ANALYSIS = YES;
				CLANG_WARN_STRICT_PROTOTYPES = YES;
				CLANG_WARN_SUSPICIOUS_MOVE = YES;
				CLANG_WARN_UNGUARDED_AVAILABILITY = YES_AGGRESSIVE;
				CLANG_WARN_UNREACHABLE_CODE = YES;
				CLANG_WARN__DUPLICATE_METHOD_MATCH = YES;
				COPY_PHASE_STRIP = NO;
				DEBUG_INFORMATION_FORMAT = "dwarf-with-dsym";
				ENABLE_NS_ASSERTIONS = NO;
				ENABLE_STRICT_OBJC_MSGSEND = YES;
				GCC_C_LANGUAGE_STANDARD = gnu11;
				GCC_NO_COMMON_BLOCKS = YES;
				GCC_WARN_64_TO_32_BIT_CONVERSION = YES;
				GCC_WARN_ABOUT_RETURN_TYPE = YES_ERROR;
				GCC_WARN_UNDECLARED_SELECTOR = YES;
				GCC_WARN_UNINITIALIZED_AUTOS = YES_AGGRESSIVE;
				GCC_WARN_UNUSED_FUNCTION = YES;
				GCC_WARN_UNUSED_VARIABLE = YES;
				IPHONEOS_DEPLOYMENT_TARGET = 16.4;
				MTL_ENABLE_DEBUG_INFO = NO;
				MTL_FAST_MATH = YES;
				SDKROOT = iphoneos;
				SWIFT_COMPILATION_MODE = wholemodule;
				SWIFT_OPTIMIZATION_LEVEL = "-O";
				VALIDATE_PRODUCT = YES;
			};
			name = Release;
		};
		2807E09B2A723A6900E470A6 /* Debug */ = {
			isa = XCBuildConfiguration;
			buildSettings = {
				ASSETCATALOG_COMPILER_APPICON_NAME = AppIcon;
				ASSETCATALOG_COMPILER_GLOBAL_ACCENT_COLOR_NAME = AccentColor;
				CODE_SIGN_STYLE = Automatic;
				CURRENT_PROJECT_VERSION = 1;
				DEVELOPMENT_TEAM = 7TGA44R678;
				GENERATE_INFOPLIST_FILE = YES;
				INFOPLIST_FILE = FootballStandingsApp/Info.plist;
				INFOPLIST_KEY_UIApplicationSupportsIndirectInputEvents = YES;
				INFOPLIST_KEY_UILaunchStoryboardName = LaunchScreen;
				INFOPLIST_KEY_UISupportedInterfaceOrientations_iPad = "UIInterfaceOrientationPortrait UIInterfaceOrientationPortraitUpsideDown UIInterfaceOrientationLandscapeLeft UIInterfaceOrientationLandscapeRight";
				INFOPLIST_KEY_UISupportedInterfaceOrientations_iPhone = "UIInterfaceOrientationPortrait UIInterfaceOrientationLandscapeLeft UIInterfaceOrientationLandscapeRight";
				LD_RUNPATH_SEARCH_PATHS = (
					"$(inherited)",
					"@executable_path/Frameworks",
				);
				MARKETING_VERSION = 1.0;
				PRODUCT_BUNDLE_IDENTIFIER = SeitovN.FootballStandingsApp;
				PRODUCT_NAME = "$(TARGET_NAME)";
				SWIFT_EMIT_LOC_STRINGS = YES;
				SWIFT_VERSION = 5.0;
				TARGETED_DEVICE_FAMILY = "1,2";
			};
			name = Debug;
		};
		2807E09C2A723A6900E470A6 /* Release */ = {
			isa = XCBuildConfiguration;
			buildSettings = {
				ASSETCATALOG_COMPILER_APPICON_NAME = AppIcon;
				ASSETCATALOG_COMPILER_GLOBAL_ACCENT_COLOR_NAME = AccentColor;
				CODE_SIGN_STYLE = Automatic;
				CURRENT_PROJECT_VERSION = 1;
				DEVELOPMENT_TEAM = 7TGA44R678;
				GENERATE_INFOPLIST_FILE = YES;
				INFOPLIST_FILE = FootballStandingsApp/Info.plist;
				INFOPLIST_KEY_UIApplicationSupportsIndirectInputEvents = YES;
				INFOPLIST_KEY_UILaunchStoryboardName = LaunchScreen;
				INFOPLIST_KEY_UISupportedInterfaceOrientations_iPad = "UIInterfaceOrientationPortrait UIInterfaceOrientationPortraitUpsideDown UIInterfaceOrientationLandscapeLeft UIInterfaceOrientationLandscapeRight";
				INFOPLIST_KEY_UISupportedInterfaceOrientations_iPhone = "UIInterfaceOrientationPortrait UIInterfaceOrientationLandscapeLeft UIInterfaceOrientationLandscapeRight";
				LD_RUNPATH_SEARCH_PATHS = (
					"$(inherited)",
					"@executable_path/Frameworks",
				);
				MARKETING_VERSION = 1.0;
				PRODUCT_BUNDLE_IDENTIFIER = SeitovN.FootballStandingsApp;
				PRODUCT_NAME = "$(TARGET_NAME)";
				SWIFT_EMIT_LOC_STRINGS = YES;
				SWIFT_VERSION = 5.0;
				TARGETED_DEVICE_FAMILY = "1,2";
			};
			name = Release;
		};
/* End XCBuildConfiguration section */

/* Begin XCConfigurationList section */
		2807E0812A723A6800E470A6 /* Build configuration list for PBXProject "FootballStandingsApp" */ = {
			isa = XCConfigurationList;
			buildConfigurations = (
				2807E0982A723A6900E470A6 /* Debug */,
				2807E0992A723A6900E470A6 /* Release */,
			);
			defaultConfigurationIsVisible = 0;
			defaultConfigurationName = Release;
		};
		2807E09A2A723A6900E470A6 /* Build configuration list for PBXNativeTarget "FootballStandingsApp" */ = {
			isa = XCConfigurationList;
			buildConfigurations = (
				2807E09B2A723A6900E470A6 /* Debug */,
				2807E09C2A723A6900E470A6 /* Release */,
			);
			defaultConfigurationIsVisible = 0;
			defaultConfigurationName = Release;
		};
/* End XCConfigurationList section */
	};
	rootObject = 2807E07E2A723A6800E470A6 /* Project object */;
}
